
Microsoft Visual Studio Solution File, Format Version 12.00
# Visual Studio Version 17
VisualStudioVersion = 17.0.31903.59
MinimumVisualStudioVersion = 10.0.40219.1
Project("{2150E333-8FDC-42A3-9474-1A3956D46DE8}") = "src", "src", "{827E0CD3-B72D-47B6-A68D-7590B98EB39B}"
EndProject
Project("{FAE04EC0-301F-11D3-BF4B-00C04F79EFBC}") = "Ahir.Core", "src\Ahir.Core\Ahir.Core.csproj", "{89A67B4F-AEA6-4AB2-8048-62983EB7178C}"
EndProject
Project("{FAE04EC0-301F-11D3-BF4B-00C04F79EFBC}") = "Ahir.Server", "src\Ahir.Server\Ahir.Server.csproj", "{5342291C-2FF5-4BB2-A075-D8A6AF919141}"
EndProject
Project("{FAE04EC0-301F-11D3-BF4B-00C04F79EFBC}") = "Ahir.Database", "src\Ahir.Database\Ahir.Database.csproj", "{53ADCDB3-49EC-4D3F-BE3A-689A33B41BB9}"
EndProject
Project("{FAE04EC0-301F-11D3-BF4B-00C04F79EFBC}") = "Ahir.Storage", "src\Ahir.Storage\Ahir.Storage.csproj", "{922E5740-99A3-4651-9F0D-E2CFD45B4D7D}"
EndProject
Project("{FAE04EC0-301F-11D3-BF4B-00C04F79EFBC}") = "Ahir.Security", "src\Ahir.Security\Ahir.Security.csproj", "{87A574FF-E860-4DAD-94BC-CB75B8F45694}"
EndProject
Project("{FAE04EC0-301F-11D3-BF4B-00C04F79EFBC}") = "Ahir.Realtime", "src\Ahir.Realtime\Ahir.Realtime.csproj", "{22A35124-C625-48DF-8765-CC860D2D8739}"
EndProject
Project("{FAE04EC0-301F-11D3-BF4B-00C04F79EFBC}") = "Ahir.Plugin", "src\Ahir.Plugin\Ahir.Plugin.csproj", "{1F0BF5DB-B44F-47AD-85F9-FFA166134E81}"
EndProject
Project("{FAE04EC0-301F-11D3-BF4B-00C04F79EFBC}") = "Ahir.CLI", "src\Ahir.CLI\Ahir.CLI.csproj", "{6A4DBC19-9220-47FF-BAC6-29F6BC25493E}"
EndProject
Project("{FAE04EC0-301F-11D3-BF4B-00C04F79EFBC}") = "Ahir.Dashboard", "src\Ahir.Dashboard\Ahir.Dashboard.csproj", "{5FE7A519-102E-41F0-AED0-43018B7C5F41}"
EndProject
Project("{FAE04EC0-301F-11D3-BF4B-00C04F79EFBC}") = "Ahir.SDK", "src\Ahir.SDK\Ahir.SDK.csproj", "{919D3236-1859-47CE-AA1B-F69165ACB593}"
EndProject
Project("{2150E333-8FDC-42A3-9474-1A3956D46DE8}") = "tests", "tests", "{0AB3BF05-4346-4AA6-1389-037BE0695223}"
EndProject
Project("{FAE04EC0-301F-11D3-BF4B-00C04F79EFBC}") = "Ahir.Tests", "tests\Ahir.Tests\Ahir.Tests.csproj", "{D61474AF-6FD3-4FB9-9C6B-FBFB83047843}"
EndProject
Project("{2150E333-8FDC-42A3-9474-1A3956D46DE8}") = "tools", "tools", "{07C2787E-EAC7-C090-1BA3-A61EC2A24D84}"
EndProject
Project("{FAE04EC0-301F-11D3-BF4B-00C04F79EFBC}") = "Steps", "tools\Steps\Steps.csproj", "{F396D747-5D90-45AF-ADB9-F17225B64A0F}"
EndProject
Project("{2150E333-8FDC-42A3-9474-1A3956D46DE8}") = "Demo", "Demo", "{6840B6F7-FE54-2F3D-7BF1-1185BC751601}"
EndProject
Project("{FAE04EC0-301F-11D3-BF4B-00C04F79EFBC}") = "Demo_Steps", "tools\Demo\Demo_Steps\Demo_Steps.csproj", "{185C0E7E-7D46-42F9-B5FE-9E52D7DF27CC}"
EndProject
Global
	GlobalSection(SolutionConfigurationPlatforms) = preSolution
		Debug|Any CPU = Debug|Any CPU
		Debug|x64 = Debug|x64
		Debug|x86 = Debug|x86
		Release|Any CPU = Release|Any CPU
		Release|x64 = Release|x64
		Release|x86 = Release|x86
	EndGlobalSection
	GlobalSection(ProjectConfigurationPlatforms) = postSolution
		{89A67B4F-AEA6-4AB2-8048-62983EB7178C}.Debug|Any CPU.ActiveCfg = Debug|Any CPU
		{89A67B4F-AEA6-4AB2-8048-62983EB7178C}.Debug|Any CPU.Build.0 = Debug|Any CPU
		{89A67B4F-AEA6-4AB2-8048-62983EB7178C}.Debug|x64.ActiveCfg = Debug|Any CPU
		{89A67B4F-AEA6-4AB2-8048-62983EB7178C}.Debug|x64.Build.0 = Debug|Any CPU
		{89A67B4F-AEA6-4AB2-8048-62983EB7178C}.Debug|x86.ActiveCfg = Debug|Any CPU
		{89A67B4F-AEA6-4AB2-8048-62983EB7178C}.Debug|x86.Build.0 = Debug|Any CPU
		{89A67B4F-AEA6-4AB2-8048-62983EB7178C}.Release|Any CPU.ActiveCfg = Release|Any CPU
		{89A67B4F-AEA6-4AB2-8048-62983EB7178C}.Release|Any CPU.Build.0 = Release|Any CPU
		{89A67B4F-AEA6-4AB2-8048-62983EB7178C}.Release|x64.ActiveCfg = Release|Any CPU
		{89A67B4F-AEA6-4AB2-8048-62983EB7178C}.Release|x64.Build.0 = Release|Any CPU
		{89A67B4F-AEA6-4AB2-8048-62983EB7178C}.Release|x86.ActiveCfg = Release|Any CPU
		{89A67B4F-AEA6-4AB2-8048-62983EB7178C}.Release|x86.Build.0 = Release|Any CPU
		{5342291C-2FF5-4BB2-A075-D8A6AF919141}.Debug|Any CPU.ActiveCfg = Debug|Any CPU
		{5342291C-2FF5-4BB2-A075-D8A6AF919141}.Debug|Any CPU.Build.0 = Debug|Any CPU
		{5342291C-2FF5-4BB2-A075-D8A6AF919141}.Debug|x64.ActiveCfg = Debug|Any CPU
		{5342291C-2FF5-4BB2-A075-D8A6AF919141}.Debug|x64.Build.0 = Debug|Any CPU
		{5342291C-2FF5-4BB2-A075-D8A6AF919141}.Debug|x86.ActiveCfg = Debug|Any CPU
		{5342291C-2FF5-4BB2-A075-D8A6AF919141}.Debug|x86.Build.0 = Debug|Any CPU
		{5342291C-2FF5-4BB2-A075-D8A6AF919141}.Release|Any CPU.ActiveCfg = Release|Any CPU
		{5342291C-2FF5-4BB2-A075-D8A6AF919141}.Release|Any CPU.Build.0 = Release|Any CPU
		{5342291C-2FF5-4BB2-A075-D8A6AF919141}.Release|x64.ActiveCfg = Release|Any CPU
		{5342291C-2FF5-4BB2-A075-D8A6AF919141}.Release|x64.Build.0 = Release|Any CPU
		{5342291C-2FF5-4BB2-A075-D8A6AF919141}.Release|x86.ActiveCfg = Release|Any CPU
		{5342291C-2FF5-4BB2-A075-D8A6AF919141}.Release|x86.Build.0 = Release|Any CPU
		{53ADCDB3-49EC-4D3F-BE3A-689A33B41BB9}.Debug|Any CPU.ActiveCfg = Debug|Any CPU
		{53ADCDB3-49EC-4D3F-BE3A-689A33B41BB9}.Debug|Any CPU.Build.0 = Debug|Any CPU
		{53ADCDB3-49EC-4D3F-BE3A-689A33B41BB9}.Debug|x64.ActiveCfg = Debug|Any CPU
		{53ADCDB3-49EC-4D3F-BE3A-689A33B41BB9}.Debug|x64.Build.0 = Debug|Any CPU
		{53ADCDB3-49EC-4D3F-BE3A-689A33B41BB9}.Debug|x86.ActiveCfg = Debug|Any CPU
		{53ADCDB3-49EC-4D3F-BE3A-689A33B41BB9}.Debug|x86.Build.0 = Debug|Any CPU
		{53ADCDB3-49EC-4D3F-BE3A-689A33B41BB9}.Release|Any CPU.ActiveCfg = Release|Any CPU
		{53ADCDB3-49EC-4D3F-BE3A-689A33B41BB9}.Release|Any CPU.Build.0 = Release|Any CPU
		{53ADCDB3-49EC-4D3F-BE3A-689A33B41BB9}.Release|x64.ActiveCfg = Release|Any CPU
		{53ADCDB3-49EC-4D3F-BE3A-689A33B41BB9}.Release|x64.Build.0 = Release|Any CPU
		{53ADCDB3-49EC-4D3F-BE3A-689A33B41BB9}.Release|x86.ActiveCfg = Release|Any CPU
		{53ADCDB3-49EC-4D3F-BE3A-689A33B41BB9}.Release|x86.Build.0 = Release|Any CPU
		{922E5740-99A3-4651-9F0D-E2CFD45B4D7D}.Debug|Any CPU.ActiveCfg = Debug|Any CPU
		{922E5740-99A3-4651-9F0D-E2CFD45B4D7D}.Debug|Any CPU.Build.0 = Debug|Any CPU
		{922E5740-99A3-4651-9F0D-E2CFD45B4D7D}.Debug|x64.ActiveCfg = Debug|Any CPU
		{922E5740-99A3-4651-9F0D-E2CFD45B4D7D}.Debug|x64.Build.0 = Debug|Any CPU
		{922E5740-99A3-4651-9F0D-E2CFD45B4D7D}.Debug|x86.ActiveCfg = Debug|Any CPU
		{922E5740-99A3-4651-9F0D-E2CFD45B4D7D}.Debug|x86.Build.0 = Debug|Any CPU
		{922E5740-99A3-4651-9F0D-E2CFD45B4D7D}.Release|Any CPU.ActiveCfg = Release|Any CPU
		{922E5740-99A3-4651-9F0D-E2CFD45B4D7D}.Release|Any CPU.Build.0 = Release|Any CPU
		{922E5740-99A3-4651-9F0D-E2CFD45B4D7D}.Release|x64.ActiveCfg = Release|Any CPU
		{922E5740-99A3-4651-9F0D-E2CFD45B4D7D}.Release|x64.Build.0 = Release|Any CPU
		{922E5740-99A3-4651-9F0D-E2CFD45B4D7D}.Release|x86.ActiveCfg = Release|Any CPU
		{922E5740-99A3-4651-9F0D-E2CFD45B4D7D}.Release|x86.Build.0 = Release|Any CPU
		{87A574FF-E860-4DAD-94BC-CB75B8F45694}.Debug|Any CPU.ActiveCfg = Debug|Any CPU
		{87A574FF-E860-4DAD-94BC-CB75B8F45694}.Debug|Any CPU.Build.0 = Debug|Any CPU
		{87A574FF-E860-4DAD-94BC-CB75B8F45694}.Debug|x64.ActiveCfg = Debug|Any CPU
		{87A574FF-E860-4DAD-94BC-CB75B8F45694}.Debug|x64.Build.0 = Debug|Any CPU
		{87A574FF-E860-4DAD-94BC-CB75B8F45694}.Debug|x86.ActiveCfg = Debug|Any CPU
		{87A574FF-E860-4DAD-94BC-CB75B8F45694}.Debug|x86.Build.0 = Debug|Any CPU
		{87A574FF-E860-4DAD-94BC-CB75B8F45694}.Release|Any CPU.ActiveCfg = Release|Any CPU
		{87A574FF-E860-4DAD-94BC-CB75B8F45694}.Release|Any CPU.Build.0 = Release|Any CPU
		{87A574FF-E860-4DAD-94BC-CB75B8F45694}.Release|x64.ActiveCfg = Release|Any CPU
		{87A574FF-E860-4DAD-94BC-CB75B8F45694}.Release|x64.Build.0 = Release|Any CPU
		{87A574FF-E860-4DAD-94BC-CB75B8F45694}.Release|x86.ActiveCfg = Release|Any CPU
		{87A574FF-E860-4DAD-94BC-CB75B8F45694}.Release|x86.Build.0 = Release|Any CPU
		{22A35124-C625-48DF-8765-CC860D2D8739}.Debug|Any CPU.ActiveCfg = Debug|Any CPU
		{22A35124-C625-48DF-8765-CC860D2D8739}.Debug|Any CPU.Build.0 = Debug|Any CPU
		{22A35124-C625-48DF-8765-CC860D2D8739}.Debug|x64.ActiveCfg = Debug|Any CPU
		{22A35124-C625-48DF-8765-CC860D2D8739}.Debug|x64.Build.0 = Debug|Any CPU
		{22A35124-C625-48DF-8765-CC860D2D8739}.Debug|x86.ActiveCfg = Debug|Any CPU
		{22A35124-C625-48DF-8765-CC860D2D8739}.Debug|x86.Build.0 = Debug|Any CPU
		{22A35124-C625-48DF-8765-CC860D2D8739}.Release|Any CPU.ActiveCfg = Release|Any CPU
		{22A35124-C625-48DF-8765-CC860D2D8739}.Release|Any CPU.Build.0 = Release|Any CPU
		{22A35124-C625-48DF-8765-CC860D2D8739}.Release|x64.ActiveCfg = Release|Any CPU
		{22A35124-C625-48DF-8765-CC860D2D8739}.Release|x64.Build.0 = Release|Any CPU
		{22A35124-C625-48DF-8765-CC860D2D8739}.Release|x86.ActiveCfg = Release|Any CPU
		{22A35124-C625-48DF-8765-CC860D2D8739}.Release|x86.Build.0 = Release|Any CPU
		{1F0BF5DB-B44F-47AD-85F9-FFA166134E81}.Debug|Any CPU.ActiveCfg = Debug|Any CPU
		{1F0BF5DB-B44F-47AD-85F9-FFA166134E81}.Debug|Any CPU.Build.0 = Debug|Any CPU
		{1F0BF5DB-B44F-47AD-85F9-FFA166134E81}.Debug|x64.ActiveCfg = Debug|Any CPU
		{1F0BF5DB-B44F-47AD-85F9-FFA166134E81}.Debug|x64.Build.0 = Debug|Any CPU
		{1F0BF5DB-B44F-47AD-85F9-FFA166134E81}.Debug|x86.ActiveCfg = Debug|Any CPU
		{1F0BF5DB-B44F-47AD-85F9-FFA166134E81}.Debug|x86.Build.0 = Debug|Any CPU
		{1F0BF5DB-B44F-47AD-85F9-FFA166134E81}.Release|Any CPU.ActiveCfg = Release|Any CPU
		{1F0BF5DB-B44F-47AD-85F9-FFA166134E81}.Release|Any CPU.Build.0 = Release|Any CPU
		{1F0BF5DB-B44F-47AD-85F9-FFA166134E81}.Release|x64.ActiveCfg = Release|Any CPU
		{1F0BF5DB-B44F-47AD-85F9-FFA166134E81}.Release|x64.Build.0 = Release|Any CPU
		{1F0BF5DB-B44F-47AD-85F9-FFA166134E81}.Release|x86.ActiveCfg = Release|Any CPU
		{1F0BF5DB-B44F-47AD-85F9-FFA166134E81}.Release|x86.Build.0 = Release|Any CPU
		{6A4DBC19-9220-47FF-BAC6-29F6BC25493E}.Debug|Any CPU.ActiveCfg = Debug|Any CPU
		{6A4DBC19-9220-47FF-BAC6-29F6BC25493E}.Debug|Any CPU.Build.0 = Debug|Any CPU
		{6A4DBC19-9220-47FF-BAC6-29F6BC25493E}.Debug|x64.ActiveCfg = Debug|Any CPU
		{6A4DBC19-9220-47FF-BAC6-29F6BC25493E}.Debug|x64.Build.0 = Debug|Any CPU
		{6A4DBC19-9220-47FF-BAC6-29F6BC25493E}.Debug|x86.ActiveCfg = Debug|Any CPU
		{6A4DBC19-9220-47FF-BAC6-29F6BC25493E}.Debug|x86.Build.0 = Debug|Any CPU
		{6A4DBC19-9220-47FF-BAC6-29F6BC25493E}.Release|Any CPU.ActiveCfg = Release|Any CPU
		{6A4DBC19-9220-47FF-BAC6-29F6BC25493E}.Release|Any CPU.Build.0 = Release|Any CPU
		{6A4DBC19-9220-47FF-BAC6-29F6BC25493E}.Release|x64.ActiveCfg = Release|Any CPU
		{6A4DBC19-9220-47FF-BAC6-29F6BC25493E}.Release|x64.Build.0 = Release|Any CPU
		{6A4DBC19-9220-47FF-BAC6-29F6BC25493E}.Release|x86.ActiveCfg = Release|Any CPU
		{6A4DBC19-9220-47FF-BAC6-29F6BC25493E}.Release|x86.Build.0 = Release|Any CPU
		{5FE7A519-102E-41F0-AED0-43018B7C5F41}.Debug|Any CPU.ActiveCfg = Debug|Any CPU
		{5FE7A519-102E-41F0-AED0-43018B7C5F41}.Debug|Any CPU.Build.0 = Debug|Any CPU
		{5FE7A519-102E-41F0-AED0-43018B7C5F41}.Debug|x64.ActiveCfg = Debug|Any CPU
		{5FE7A519-102E-41F0-AED0-43018B7C5F41}.Debug|x64.Build.0 = Debug|Any CPU
		{5FE7A519-102E-41F0-AED0-43018B7C5F41}.Debug|x86.ActiveCfg = Debug|Any CPU
		{5FE7A519-102E-41F0-AED0-43018B7C5F41}.Debug|x86.Build.0 = Debug|Any CPU
		{5FE7A519-102E-41F0-AED0-43018B7C5F41}.Release|Any CPU.ActiveCfg = Release|Any CPU
		{5FE7A519-102E-41F0-AED0-43018B7C5F41}.Release|Any CPU.Build.0 = Release|Any CPU
		{5FE7A519-102E-41F0-AED0-43018B7C5F41}.Release|x64.ActiveCfg = Release|Any CPU
		{5FE7A519-102E-41F0-AED0-43018B7C5F41}.Release|x64.Build.0 = Release|Any CPU
		{5FE7A519-102E-41F0-AED0-43018B7C5F41}.Release|x86.ActiveCfg = Release|Any CPU
		{5FE7A519-102E-41F0-AED0-43018B7C5F41}.Release|x86.Build.0 = Release|Any CPU
		{919D3236-1859-47CE-AA1B-F69165ACB593}.Debug|Any CPU.ActiveCfg = Debug|Any CPU
		{919D3236-1859-47CE-AA1B-F69165ACB593}.Debug|Any CPU.Build.0 = Debug|Any CPU
		{919D3236-1859-47CE-AA1B-F69165ACB593}.Debug|x64.ActiveCfg = Debug|Any CPU
		{919D3236-1859-47CE-AA1B-F69165ACB593}.Debug|x64.Build.0 = Debug|Any CPU
		{919D3236-1859-47CE-AA1B-F69165ACB593}.Debug|x86.ActiveCfg = Debug|Any CPU
		{919D3236-1859-47CE-AA1B-F69165ACB593}.Debug|x86.Build.0 = Debug|Any CPU
		{919D3236-1859-47CE-AA1B-F69165ACB593}.Release|Any CPU.ActiveCfg = Release|Any CPU
		{919D3236-1859-47CE-AA1B-F69165ACB593}.Release|Any CPU.Build.0 = Release|Any CPU
		{919D3236-1859-47CE-AA1B-F69165ACB593}.Release|x64.ActiveCfg = Release|Any CPU
		{919D3236-1859-47CE-AA1B-F69165ACB593}.Release|x64.Build.0 = Release|Any CPU
		{919D3236-1859-47CE-AA1B-F69165ACB593}.Release|x86.ActiveCfg = Release|Any CPU
		{919D3236-1859-47CE-AA1B-F69165ACB593}.Release|x86.Build.0 = Release|Any CPU
		{D61474AF-6FD3-4FB9-9C6B-FBFB83047843}.Debug|Any CPU.ActiveCfg = Debug|Any CPU
		{D61474AF-6FD3-4FB9-9C6B-FBFB83047843}.Debug|Any CPU.Build.0 = Debug|Any CPU
		{D61474AF-6FD3-4FB9-9C6B-FBFB83047843}.Debug|x64.ActiveCfg = Debug|Any CPU
		{D61474AF-6FD3-4FB9-9C6B-FBFB83047843}.Debug|x64.Build.0 = Debug|Any CPU
		{D61474AF-6FD3-4FB9-9C6B-FBFB83047843}.Debug|x86.ActiveCfg = Debug|Any CPU
		{D61474AF-6FD3-4FB9-9C6B-FBFB83047843}.Debug|x86.Build.0 = Debug|Any CPU
		{D61474AF-6FD3-4FB9-9C6B-FBFB83047843}.Release|Any CPU.ActiveCfg = Release|Any CPU
		{D61474AF-6FD3-4FB9-9C6B-FBFB83047843}.Release|Any CPU.Build.0 = Release|Any CPU
		{D61474AF-6FD3-4FB9-9C6B-FBFB83047843}.Release|x64.ActiveCfg = Release|Any CPU
		{D61474AF-6FD3-4FB9-9C6B-FBFB83047843}.Release|x64.Build.0 = Release|Any CPU
		{D61474AF-6FD3-4FB9-9C6B-FBFB83047843}.Release|x86.ActiveCfg = Release|Any CPU
		{D61474AF-6FD3-4FB9-9C6B-FBFB83047843}.Release|x86.Build.0 = Release|Any CPU
		{F396D747-5D90-45AF-ADB9-F17225B64A0F}.Debug|Any CPU.ActiveCfg = Debug|Any CPU
		{F396D747-5D90-45AF-ADB9-F17225B64A0F}.Debug|Any CPU.Build.0 = Debug|Any CPU
		{F396D747-5D90-45AF-ADB9-F17225B64A0F}.Debug|x64.ActiveCfg = Debug|Any CPU
		{F396D747-5D90-45AF-ADB9-F17225B64A0F}.Debug|x64.Build.0 = Debug|Any CPU
		{F396D747-5D90-45AF-ADB9-F17225B64A0F}.Debug|x86.ActiveCfg = Debug|Any CPU
		{F396D747-5D90-45AF-ADB9-F17225B64A0F}.Debug|x86.Build.0 = Debug|Any CPU
		{F396D747-5D90-45AF-ADB9-F17225B64A0F}.Release|Any CPU.ActiveCfg = Release|Any CPU
		{F396D747-5D90-45AF-ADB9-F17225B64A0F}.Release|Any CPU.Build.0 = Release|Any CPU
		{F396D747-5D90-45AF-ADB9-F17225B64A0F}.Release|x64.ActiveCfg = Release|Any CPU
		{F396D747-5D90-45AF-ADB9-F17225B64A0F}.Release|x64.Build.0 = Release|Any CPU
		{F396D747-5D90-45AF-ADB9-F17225B64A0F}.Release|x86.ActiveCfg = Release|Any CPU
		{F396D747-5D90-45AF-ADB9-F17225B64A0F}.Release|x86.Build.0 = Release|Any CPU
		{185C0E7E-7D46-42F9-B5FE-9E52D7DF27CC}.Debug|Any CPU.ActiveCfg = Debug|Any CPU
		{185C0E7E-7D46-42F9-B5FE-9E52D7DF27CC}.Debug|Any CPU.Build.0 = Debug|Any CPU
		{185C0E7E-7D46-42F9-B5FE-9E52D7DF27CC}.Debug|x64.ActiveCfg = Debug|Any CPU
		{185C0E7E-7D46-42F9-B5FE-9E52D7DF27CC}.Debug|x64.Build.0 = Debug|Any CPU
		{185C0E7E-7D46-42F9-B5FE-9E52D7DF27CC}.Debug|x86.ActiveCfg = Debug|Any CPU
		{185C0E7E-7D46-42F9-B5FE-9E52D7DF27CC}.Debug|x86.Build.0 = Debug|Any CPU
		{185C0E7E-7D46-42F9-B5FE-9E52D7DF27CC}.Release|Any CPU.ActiveCfg = Release|Any CPU
		{185C0E7E-7D46-42F9-B5FE-9E52D7DF27CC}.Release|Any CPU.Build.0 = Release|Any CPU
		{185C0E7E-7D46-42F9-B5FE-9E52D7DF27CC}.Release|x64.ActiveCfg = Release|Any CPU
		{185C0E7E-7D46-42F9-B5FE-9E52D7DF27CC}.Release|x64.Build.0 = Release|Any CPU
		{185C0E7E-7D46-42F9-B5FE-9E52D7DF27CC}.Release|x86.ActiveCfg = Release|Any CPU
		{185C0E7E-7D46-42F9-B5FE-9E52D7DF27CC}.Release|x86.Build.0 = Release|Any CPU
	EndGlobalSection
	GlobalSection(SolutionProperties) = preSolution
		HideSolutionNode = FALSE
	EndGlobalSection
	GlobalSection(NestedProjects) = preSolution
		{89A67B4F-AEA6-4AB2-8048-62983EB7178C} = {827E0CD3-B72D-47B6-A68D-7590B98EB39B}
		{5342291C-2FF5-4BB2-A075-D8A6AF919141} = {827E0CD3-B72D-47B6-A68D-7590B98EB39B}
		{53ADCDB3-49EC-4D3F-BE3A-689A33B41BB9} = {827E0CD3-B72D-47B6-A68D-7590B98EB39B}
		{922E5740-99A3-4651-9F0D-E2CFD45B4D7D} = {827E0CD3-B72D-47B6-A68D-7590B98EB39B}
		{87A574FF-E860-4DAD-94BC-CB75B8F45694} = {827E0CD3-B72D-47B6-A68D-7590B98EB39B}
		{22A35124-C625-48DF-8765-CC860D2D8739} = {827E0CD3-B72D-47B6-A68D-7590B98EB39B}
		{1F0BF5DB-B44F-47AD-85F9-FFA166134E81} = {827E0CD3-B72D-47B6-A68D-7590B98EB39B}
		{6A4DBC19-9220-47FF-BAC6-29F6BC25493E} = {827E0CD3-B72D-47B6-A68D-7590B98EB39B}
		{5FE7A519-102E-41F0-AED0-43018B7C5F41} = {827E0CD3-B72D-47B6-A68D-7590B98EB39B}
		{919D3236-1859-47CE-AA1B-F69165ACB593} = {827E0CD3-B72D-47B6-A68D-7590B98EB39B}
		{D61474AF-6FD3-4FB9-9C6B-FBFB83047843} = {0AB3BF05-4346-4AA6-1389-037BE0695223}
		{F396D747-5D90-45AF-ADB9-F17225B64A0F} = {07C2787E-EAC7-C090-1BA3-A61EC2A24D84}
		{6840B6F7-FE54-2F3D-7BF1-1185BC751601} = {07C2787E-EAC7-C090-1BA3-A61EC2A24D84}
		{185C0E7E-7D46-42F9-B5FE-9E52D7DF27CC} = {6840B6F7-FE54-2F3D-7BF1-1185BC751601}
	EndGlobalSection
EndGlobal
